
Microsoft Visual Studio Solution File, Format Version 12.00
# Visual Studio Version 17
VisualStudioVersion = 17.10.34928.147
MinimumVisualStudioVersion = 10.0.40219.1
Project("{8BC9CEB8-8B4A-11D0-8D11-00A0C91BC942}") = "demo", "demo.vcxproj", "{852D8FBF-A122-42A0-B7CA-3D33758C632F}"
EndProject
Project("{8BC9CEB8-8B4A-11D0-8D11-00A0C91BC942}") = "qx", "qx.vcxproj", "{F57DDD17-3BAD-4857-90A7-90C104EFB339}"
	ProjectSection(ProjectDependencies) = postProject
		{145FF302-449D-4AC5-B78C-0DB692295988} = {145FF302-449D-4AC5-B78C-0DB692295988}
	EndProjectSection
EndProject
Project("{8BC9CEB8-8B4A-11D0-8D11-00A0C91BC942}") = "odbcquery", "odbcquery.vcxproj", "{145FF302-449D-4AC5-B78C-0DB692295988}"
EndProject
Global
	GlobalSection(SolutionConfigurationPlatforms) = preSolution
		Debug(wchar)|x64 = Debug(wchar)|x64
		Debug(wchar)|x86 = Debug(wchar)|x86
		Debug|x64 = Debug|x64
		Debug|x86 = Debug|x86
		Release(wchar)|x64 = Release(wchar)|x64
		Release(wchar)|x86 = Release(wchar)|x86
		Release|x64 = Release|x64
		Release|x86 = Release|x86
	EndGlobalSection
	GlobalSection(ProjectConfigurationPlatforms) = postSolution
		{852D8FBF-A122-42A0-B7CA-3D33758C632F}.Debug|x64.ActiveCfg = Debug|x64
		{852D8FBF-A122-42A0-B7CA-3D33758C632F}.Debug|x64.Build.0 = Debug|x64
		{852D8FBF-A122-42A0-B7CA-3D33758C632F}.Debug|x86.ActiveCfg = Debug|Win32
		{852D8FBF-A122-42A0-B7CA-3D33758C632F}.Debug|x86.Build.0 = Debug|Win32
		{852D8FBF-A122-42A0-B7CA-3D33758C632F}.Release|x64.ActiveCfg = Release|x64
		{852D8FBF-A122-42A0-B7CA-3D33758C632F}.Release|x64.Build.0 = Release|x64
		{852D8FBF-A122-42A0-B7CA-3D33758C632F}.Release|x86.ActiveCfg = Release|Win32
		{852D8FBF-A122-42A0-B7CA-3D33758C632F}.Release|x86.Build.0 = Release|Win32
		{F57DDD17-3BAD-4857-90A7-90C104EFB339}.Debug(wchar)|x64.ActiveCfg = Debug(wchar)|x64
		{F57DDD17-3BAD-4857-90A7-90C104EFB339}.Debug(wchar)|x64.Build.0 = Debug(wchar)|x64
		{F57DDD17-3BAD-4857-90A7-90C104EFB339}.Debug(wchar)|x86.ActiveCfg = Debug(wchar)|Win32
		{F57DDD17-3BAD-4857-90A7-90C104EFB339}.Debug(wchar)|x86.Build.0 = Debug(wchar)|Win32
		{F57DDD17-3BAD-4857-90A7-90C104EFB339}.Debug|x64.ActiveCfg = Debug|x64
		{F57DDD17-3BAD-4857-90A7-90C104EFB339}.Debug|x64.Build.0 = Debug|x64
		{F57DDD17-3BAD-4857-90A7-90C104EFB339}.Debug|x86.ActiveCfg = Debug|Win32
		{F57DDD17-3BAD-4857-90A7-90C104EFB339}.Debug|x86.Build.0 = Debug|Win32
		{F57DDD17-3BAD-4857-90A7-90C104EFB339}.Release(wchar)|x64.ActiveCfg = Release(wchar)|x64
		{F57DDD17-3BAD-4857-90A7-90C104EFB339}.Release(wchar)|x64.Build.0 = Release(wchar)|x64
		{F57DDD17-3BAD-4857-90A7-90C104EFB339}.Release(wchar)|x86.ActiveCfg = Release(wchar)|Win32
		{F57DDD17-3BAD-4857-90A7-90C104EFB339}.Release(wchar)|x86.Build.0 = Release(wchar)|Win32
		{F57DDD17-3BAD-4857-90A7-90C104EFB339}.Release|x64.ActiveCfg = Release|x64
		{F57DDD17-3BAD-4857-90A7-90C104EFB339}.Release|x64.Build.0 = Release|x64
		{F57DDD17-3BAD-4857-90A7-90C104EFB339}.Release|x86.ActiveCfg = Release|Win32
		{F57DDD17-3BAD-4857-90A7-90C104EFB339}.Release|x86.Build.0 = Release|Win32
		{145FF302-449D-4AC5-B78C-0DB692295988}.Debug(wchar)|x64.ActiveCfg = Debug(wchar)|x64
		{145FF302-449D-4AC5-B78C-0DB692295988}.Debug(wchar)|x64.Build.0 = Debug(wchar)|x64
		{145FF302-449D-4AC5-B78C-0DB692295988}.Debug(wchar)|x86.ActiveCfg = Debug(wchar)|Win32
		{145FF302-449D-4AC5-B78C-0DB692295988}.Debug(wchar)|x86.Build.0 = Debug(wchar)|Win32
		{145FF302-449D-4AC5-B78C-0DB692295988}.Debug|x64.ActiveCfg = Debug|x64
		{145FF302-449D-4AC5-B78C-0DB692295988}.Debug|x64.Build.0 = Debug|x64
		{145FF302-449D-4AC5-B78C-0DB692295988}.Debug|x86.ActiveCfg = Debug|Win32
		{145FF302-449D-4AC5-B78C-0DB692295988}.Debug|x86.Build.0 = Debug|Win32
		{145FF302-449D-4AC5-B78C-0DB692295988}.Release(wchar)|x64.ActiveCfg = Release(wchar)|x64
		{145FF302-449D-4AC5-B78C-0DB692295988}.Release(wchar)|x64.Build.0 = Release(wchar)|x64
		{145FF302-449D-4AC5-B78C-0DB692295988}.Release(wchar)|x86.ActiveCfg = Release(wchar)|Win32
		{145FF302-449D-4AC5-B78C-0DB692295988}.Release(wchar)|x86.Build.0 = Release(wchar)|Win32
		{145FF302-449D-4AC5-B78C-0DB692295988}.Release|x64.ActiveCfg = Release|x64
		{145FF302-449D-4AC5-B78C-0DB692295988}.Release|x64.Build.0 = Release|x64
		{145FF302-449D-4AC5-B78C-0DB692295988}.Release|x86.ActiveCfg = Release|Win32
		{145FF302-449D-4AC5-B78C-0DB692295988}.Release|x86.Build.0 = Release|Win32
	EndGlobalSection
	GlobalSection(SolutionProperties) = preSolution
		HideSolutionNode = FALSE
	EndGlobalSection
	GlobalSection(ExtensibilityGlobals) = postSolution
		SolutionGuid = {754265E6-A008-40C6-8DC0-A3EC8D82BB70}
	EndGlobalSection
EndGlobal
